// !$*UTF8*$!
{
	archiveVersion = 1;
	classes = {
	};
	objectVersion = 50;
	objects = {

/* Begin PBXBuildFile section */
		2ABBD62B2085D05500632F45 /* AppDelegate.swift in Sources */ = {isa = PBXBuildFile; fileRef = 2ABBD62A2085D05500632F45 /* AppDelegate.swift */; };
		2ABBD62D2085D05500632F45 /* ViewController.swift in Sources */ = {isa = PBXBuildFile; fileRef = 2ABBD62C2085D05500632F45 /* ViewController.swift */; };
		2ABBD6302085D05500632F45 /* Main.storyboard in Resources */ = {isa = PBXBuildFile; fileRef = 2ABBD62E2085D05500632F45 /* Main.storyboard */; };
		2ABBD6322085D05600632F45 /* Assets.xcassets in Resources */ = {isa = PBXBuildFile; fileRef = 2ABBD6312085D05600632F45 /* Assets.xcassets */; };
		2ABBD6352085D05600632F45 /* LaunchScreen.storyboard in Resources */ = {isa = PBXBuildFile; fileRef = 2ABBD6332085D05600632F45 /* LaunchScreen.storyboard */; };
		2ABBD6402085D05600632F45 /* popmenuTests.swift in Sources */ = {isa = PBXBuildFile; fileRef = 2ABBD63F2085D05600632F45 /* popmenuTests.swift */; };
		2ABBD64B2085D05600632F45 /* popmenuUITests.swift in Sources */ = {isa = PBXBuildFile; fileRef = 2ABBD64A2085D05600632F45 /* popmenuUITests.swift */; };
/* End PBXBuildFile section */

/* Begin PBXContainerItemProxy section */
		2ABBD63C2085D05600632F45 /* PBXContainerItemProxy */ = {
			isa = PBXContainerItemProxy;
			containerPortal = 2ABBD61F2085D05500632F45 /* Project object */;
			proxyType = 1;
			remoteGlobalIDString = 2ABBD6262085D05500632F45;
			remoteInfo = popmenu;
		};
		2ABBD6472085D05600632F45 /* PBXContainerItemProxy */ = {
			isa = PBXContainerItemProxy;
			containerPortal = 2ABBD61F2085D05500632F45 /* Project object */;
			proxyType = 1;
			remoteGlobalIDString = 2ABBD6262085D05500632F45;
			remoteInfo = popmenu;
		};
/* End PBXContainerItemProxy section */

/* Begin PBXFileReference section */
		2ABBD6272085D05500632F45 /* popmenu.app */ = {isa = PBXFileReference; explicitFileType = wrapper.application; includeInIndex = 0; path = popmenu.app; sourceTree = BUILT_PRODUCTS_DIR; };
		2ABBD62A2085D05500632F45 /* AppDelegate.swift */ = {isa = PBXFileReference; lastKnownFileType = sourcecode.swift; path = AppDelegate.swift; sourceTree = "<group>"; };
		2ABBD62C2085D05500632F45 /* ViewController.swift */ = {isa = PBXFileReference; lastKnownFileType = sourcecode.swift; path = ViewController.swift; sourceTree = "<group>"; };
		2ABBD62F2085D05500632F45 /* Base */ = {isa = PBXFileReference; lastKnownFileType = file.storyboard; name = Base; path = Base.lproj/Main.storyboard; sourceTree = "<group>"; };
		2ABBD6312085D05600632F45 /* Assets.xcassets */ = {isa = PBXFileReference; lastKnownFileType = folder.assetcatalog; path = Assets.xcassets; sourceTree = "<group>"; };
		2ABBD6342085D05600632F45 /* Base */ = {isa = PBXFileReference; lastKnownFileType = file.storyboard; name = Base; path = Base.lproj/LaunchScreen.storyboard; sourceTree = "<group>"; };
		2ABBD6362085D05600632F45 /* Info.plist */ = {isa = PBXFileReference; lastKnownFileType = text.plist.xml; path = Info.plist; sourceTree = "<group>"; };
		2ABBD63B2085D05600632F45 /* popmenuTests.xctest */ = {isa = PBXFileReference; explicitFileType = wrapper.cfbundle; includeInIndex = 0; path = popmenuTests.xctest; sourceTree = BUILT_PRODUCTS_DIR; };
		2ABBD63F2085D05600632F45 /* popmenuTests.swift */ = {isa = PBXFileReference; lastKnownFileType = sourcecode.swift; path = popmenuTests.swift; sourceTree = "<group>"; };
		2ABBD6412085D05600632F45 /* Info.plist */ = {isa = PBXFileReference; lastKnownFileType = text.plist.xml; path = Info.plist; sourceTree = "<group>"; };
		2ABBD6462085D05600632F45 /* popmenuUITests.xctest */ = {isa = PBXFileReference; explicitFileType = wrapper.cfbundle; includeInIndex = 0; path = popmenuUITests.xctest; sourceTree = BUILT_PRODUCTS_DIR; };
		2ABBD64A2085D05600632F45 /* popmenuUITests.swift */ = {isa = PBXFileReference; lastKnownFileType = sourcecode.swift; path = popmenuUITests.swift; sourceTree = "<group>"; };
		2ABBD64C2085D05600632F45 /* Info.plist */ = {isa = PBXFileReference; lastKnownFileType = text.plist.xml; path = Info.plist; sourceTree = "<group>"; };
/* End PBXFileReference section */

/* Begin PBXFrameworksBuildPhase section */
		2ABBD6242085D05500632F45 /* Frameworks */ = {
			isa = PBXFrameworksBuildPhase;
			buildActionMask = 2147483647;
			files = (
			);
			runOnlyForDeploymentPostprocessing = 0;
		};
		2ABBD6382085D05600632F45 /* Frameworks */ = {
			isa = PBXFrameworksBuildPhase;
			buildActionMask = 2147483647;
			files = (
			);
			runOnlyForDeploymentPostprocessing = 0;
		};
		2ABBD6432085D05600632F45 /* Frameworks */ = {
			isa = PBXFrameworksBuildPhase;
			buildActionMask = 2147483647;
			files = (
			);
			runOnlyForDeploymentPostprocessing = 0;
		};
/* End PBXFrameworksBuildPhase section */

/* Begin PBXGroup section */
		2ABBD61E2085D05500632F45 = {
			isa = PBXGroup;
			children = (
				2ABBD6292085D05500632F45 /* popmenu */,
				2ABBD63E2085D05600632F45 /* popmenuTests */,
				2ABBD6492085D05600632F45 /* popmenuUITests */,
				2ABBD6282085D05500632F45 /* Products */,
			);
			sourceTree = "<group>";
		};
		2ABBD6282085D05500632F45 /* Products */ = {
			isa = PBXGroup;
			children = (
				2ABBD6272085D05500632F45 /* popmenu.app */,
				2ABBD63B2085D05600632F45 /* popmenuTests.xctest */,
				2ABBD6462085D05600632F45 /* popmenuUITests.xctest */,
			);
			name = Products;
			sourceTree = "<group>";
		};
		2ABBD6292085D05500632F45 /* popmenu */ = {
			isa = PBXGroup;
			children = (
				2ABBD62A2085D05500632F45 /* AppDelegate.swift */,
				2ABBD62C2085D05500632F45 /* ViewController.swift */,
				2ABBD62E2085D05500632F45 /* Main.storyboard */,
				2ABBD6312085D05600632F45 /* Assets.xcassets */,
				2ABBD6332085D05600632F45 /* LaunchScreen.storyboard */,
				2ABBD6362085D05600632F45 /* Info.plist */,
			);
			path = popmenu;
			sourceTree = "<group>";
		};
		2ABBD63E2085D05600632F45 /* popmenuTests */ = {
			isa = PBXGroup;
			children = (
				2ABBD63F2085D05600632F45 /* popmenuTests.swift */,
				2ABBD6412085D05600632F45 /* Info.plist */,
			);
			path = popmenuTests;
			sourceTree = "<group>";
		};
		2ABBD6492085D05600632F45 /* popmenuUITests */ = {
			isa = PBXGroup;
			children = (
				2ABBD64A2085D05600632F45 /* popmenuUITests.swift */,
				2ABBD64C2085D05600632F45 /* Info.plist */,
			);
			path = popmenuUITests;
			sourceTree = "<group>";
		};
/* End PBXGroup section */

/* Begin PBXNativeTarget section */
		2ABBD6262085D05500632F45 /* popmenu */ = {
			isa = PBXNativeTarget;
			buildConfigurationList = 2ABBD64F2085D05600632F45 /* Build configuration list for PBXNativeTarget "popmenu" */;
			buildPhases = (
				2ABBD6232085D05500632F45 /* Sources */,
				2ABBD6242085D05500632F45 /* Frameworks */,
				2ABBD6252085D05500632F45 /* Resources */,
			);
			buildRules = (
			);
			dependencies = (
			);
			name = popmenu;
			productName = popmenu;
			productReference = 2ABBD6272085D05500632F45 /* popmenu.app */;
			productType = "com.apple.product-type.application";
		};
		2ABBD63A2085D05600632F45 /* popmenuTests */ = {
			isa = PBXNativeTarget;
			buildConfigurationList = 2ABBD6522085D05600632F45 /* Build configuration list for PBXNativeTarget "popmenuTests" */;
			buildPhases = (
				2ABBD6372085D05600632F45 /* Sources */,
				2ABBD6382085D05600632F45 /* Frameworks */,
				2ABBD6392085D05600632F45 /* Resources */,
			);
			buildRules = (
			);
			dependencies = (
				2ABBD63D2085D05600632F45 /* PBXTargetDependency */,
			);
			name = popmenuTests;
			productName = popmenuTests;
			productReference = 2ABBD63B2085D05600632F45 /* popmenuTests.xctest */;
			productType = "com.apple.product-type.bundle.unit-test";
		};
		2ABBD6452085D05600632F45 /* popmenuUITests */ = {
			isa = PBXNativeTarget;
			buildConfigurationList = 2ABBD6552085D05600632F45 /* Build configuration list for PBXNativeTarget "popmenuUITests" */;
			buildPhases = (
				2ABBD6422085D05600632F45 /* Sources */,
				2ABBD6432085D05600632F45 /* Frameworks */,
				2ABBD6442085D05600632F45 /* Resources */,
			);
			buildRules = (
			);
			dependencies = (
				2ABBD6482085D05600632F45 /* PBXTargetDependency */,
			);
			name = popmenuUITests;
			productName = popmenuUITests;
			productReference = 2ABBD6462085D05600632F45 /* popmenuUITests.xctest */;
			productType = "com.apple.product-type.bundle.ui-testing";
		};
/* End PBXNativeTarget section */

/* Begin PBXProject section */
		2ABBD61F2085D05500632F45 /* Project object */ = {
			isa = PBXProject;
			attributes = {
				LastSwiftUpdateCheck = 0930;
				LastUpgradeCheck = 0930;
				ORGANIZATIONNAME = zhangyu;
				TargetAttributes = {
					2ABBD6262085D05500632F45 = {
						CreatedOnToolsVersion = 9.3;
					};
					2ABBD63A2085D05600632F45 = {
						CreatedOnToolsVersion = 9.3;
						TestTargetID = 2ABBD6262085D05500632F45;
					};
					2ABBD6452085D05600632F45 = {
						CreatedOnToolsVersion = 9.3;
						TestTargetID = 2ABBD6262085D05500632F45;
					};
				};
			};
			buildConfigurationList = 2ABBD6222085D05500632F45 /* Build configuration list for PBXProject "popmenu" */;
			compatibilityVersion = "Xcode 9.3";
			developmentRegion = en;
			hasScannedForEncodings = 0;
			knownRegions = (
				en,
				Base,
			);
			mainGroup = 2ABBD61E2085D05500632F45;
			productRefGroup = 2ABBD6282085D05500632F45 /* Products */;
			projectDirPath = "";
			projectRoot = "";
			targets = (
				2ABBD6262085D05500632F45 /* popmenu */,
				2ABBD63A2085D05600632F45 /* popmenuTests */,
				2ABBD6452085D05600632F45 /* popmenuUITests */,
			);
		};
/* End PBXProject section */

/* Begin PBXResourcesBuildPhase section */
		2ABBD6252085D05500632F45 /* Resources */ = {
			isa = PBXResourcesBuildPhase;
			buildActionMask = 2147483647;
			files = (
				2ABBD6352085D05600632F45 /* LaunchScreen.storyboard in Resources */,
				2ABBD6322085D05600632F45 /* Assets.xcassets in Resources */,
				2ABBD6302085D05500632F45 /* Main.storyboard in Resources */,
			);
			runOnlyForDeploymentPostprocessing = 0;
		};
		2ABBD6392085D05600632F45 /* Resources */ = {
			isa = PBXResourcesBuildPhase;
			buildActionMask = 2147483647;
			files = (
			);
			runOnlyForDeploymentPostprocessing = 0;
		};
		2ABBD6442085D05600632F45 /* Resources */ = {
			isa = PBXResourcesBuildPhase;
			buildActionMask = 2147483647;
			files = (
			);
			runOnlyForDeploymentPostprocessing = 0;
		};
/* End PBXResourcesBuildPhase section */

/* Begin PBXSourcesBuildPhase section */
		2ABBD6232085D05500632F45 /* Sources */ = {
			isa = PBXSourcesBuildPhase;
			buildActionMask = 2147483647;
			files = (
				2ABBD62D2085D05500632F45 /* ViewController.swift in Sources */,
				2ABBD62B2085D05500632F45 /* AppDelegate.swift in Sources */,
			);
			runOnlyForDeploymentPostprocessing = 0;
		};
		2ABBD6372085D05600632F45 /* Sources */ = {
			isa = PBXSourcesBuildPhase;
			buildActionMask = 2147483647;
			files = (
				2ABBD6402085D05600632F45 /* popmenuTests.swift in Sources */,
			);
			runOnlyForDeploymentPostprocessing = 0;
		};
		2ABBD6422085D05600632F45 /* Sources */ = {
			isa = PBXSourcesBuildPhase;
			buildActionMask = 2147483647;
			files = (
				2ABBD64B2085D05600632F45 /* popmenuUITests.swift in Sources */,
			);
			runOnlyForDeploymentPostprocessing = 0;
		};
/* End PBXSourcesBuildPhase section */

/* Begin PBXTargetDependency section */
		2ABBD63D2085D05600632F45 /* PBXTargetDependency */ = {
			isa = PBXTargetDependency;
			target = 2ABBD6262085D05500632F45 /* popmenu */;
			targetProxy = 2ABBD63C2085D05600632F45 /* PBXContainerItemProxy */;
		};
		2ABBD6482085D05600632F45 /* PBXTargetDependency */ = {
			isa = PBXTargetDependency;
			target = 2ABBD6262085D05500632F45 /* popmenu */;
			targetProxy = 2ABBD6472085D05600632F45 /* PBXContainerItemProxy */;
		};
/* End PBXTargetDependency section */

/* Begin PBXVariantGroup section */
		2ABBD62E2085D05500632F45 /* Main.storyboard */ = {
			isa = PBXVariantGroup;
			children = (
				2ABBD62F2085D05500632F45 /* Base */,
			);
			name = Main.storyboard;
			sourceTree = "<group>";
		};
		2ABBD6332085D05600632F45 /* LaunchScreen.storyboard */ = {
			isa = PBXVariantGroup;
			children = (
				2ABBD6342085D05600632F45 /* Base */,
			);
			name = LaunchScreen.storyboard;
			sourceTree = "<group>";
		};
/* End PBXVariantGroup section */

/* Begin XCBuildConfiguration section */
		2ABBD64D2085D05600632F45 /* Debug */ = {
			isa = XCBuildConfiguration;
			buildSettings = {
				ALWAYS_SEARCH_USER_PATHS = NO;
				CLANG_ANALYZER_NONNULL = YES;
				CLANG_ANALYZER_NUMBER_OBJECT_CONVERSION = YES_AGGRESSIVE;
				CLANG_CXX_LANGUAGE_STANDARD = "gnu++14";
				CLANG_CXX_LIBRARY = "libc++";
				CLANG_ENABLE_MODULES = YES;
				CLANG_ENABLE_OBJC_ARC = YES;
				CLANG_ENABLE_OBJC_WEAK = YES;
				CLANG_WARN_BLOCK_CAPTURE_AUTORELEASING = YES;
				CLANG_WARN_BOOL_CONVERSION = YES;
				CLANG_WARN_COMMA = YES;
				CLANG_WARN_CONSTANT_CONVERSION = YES;
				CLANG_WARN_DEPRECATED_OBJC_IMPLEMENTATIONS = YES;
				CLANG_WARN_DIRECT_OBJC_ISA_USAGE = YES_ERROR;
				CLANG_WARN_DOCUMENTATION_COMMENTS = YES;
				CLANG_WARN_EMPTY_BODY = YES;
				CLANG_WARN_ENUM_CONVERSION = YES;
				CLANG_WARN_INFINITE_RECURSION = YES;
				CLANG_WARN_INT_CONVERSION = YES;
				CLANG_WARN_NON_LITERAL_NULL_CONVERSION = YES;
				CLANG_WARN_OBJC_IMPLICIT_RETAIN_SELF = YES;
				CLANG_WARN_OBJC_LITERAL_CONVERSION = YES;
				CLANG_WARN_OBJC_ROOT_CLASS = YES_ERROR;
				CLANG_WARN_RANGE_LOOP_ANALYSIS = YES;
				CLANG_WARN_STRICT_PROTOTYPES = YES;
				CLANG_WARN_SUSPICIOUS_MOVE = YES;
				CLANG_WARN_UNGUARDED_AVAILABILITY = YES_AGGRESSIVE;
				CLANG_WARN_UNREACHABLE_CODE = YES;
				CLANG_WARN__DUPLICATE_METHOD_MATCH = YES;
				CODE_SIGN_IDENTITY = "iPhone Developer";
				COPY_PHASE_STRIP = NO;
				DEBUG_INFORMATION_FORMAT = dwarf;
				ENABLE_STRICT_OBJC_MSGSEND = YES;
				ENABLE_TESTABILITY = YES;
				GCC_C_LANGUAGE_STANDARD = gnu11;
				GCC_DYNAMIC_NO_PIC = NO;
				GCC_NO_COMMON_BLOCKS = YES;
				GCC_OPTIMIZATION_LEVEL = 0;
				GCC_PREPROCESSOR_DEFINITIONS = (
					"DEBUG=1",
					"$(inherited)",
				);
				GCC_WARN_64_TO_32_BIT_CONVERSION = YES;
				GCC_WARN_ABOUT_RETURN_TYPE = YES_ERROR;
				GCC_WARN_UNDECLARED_SELECTOR = YES;
				GCC_WARN_UNINITIALIZED_AUTOS = YES_AGGRESSIVE;
				GCC_WARN_UNUSED_FUNCTION = YES;
				GCC_WARN_UNUSED_VARIABLE = YES;
				IPHONEOS_DEPLOYMENT_TARGET = 11.3;
				MTL_ENABLE_DEBUG_INFO = YES;
				ONLY_ACTIVE_ARCH = YES;
				SDKROOT = iphoneos;
				SWIFT_ACTIVE_COMPILATION_CONDITIONS = DEBUG;
				SWIFT_OPTIMIZATION_LEVEL = "-Onone";
			};
			name = Debug;
		};
		2ABBD64E2085D05600632F45 /* Release */ = {
			isa = XCBuildConfiguration;
			buildSettings = {
				ALWAYS_SEARCH_USER_PATHS = NO;
				CLANG_ANALYZER_NONNULL = YES;
				CLANG_ANALYZER_NUMBER_OBJECT_CONVERSION = YES_AGGRESSIVE;
				CLANG_CXX_LANGUAGE_STANDARD = "gnu++14";
				CLANG_CXX_LIBRARY = "libc++";
				CLANG_ENABLE_MODULES = YES;
				CLANG_ENABLE_OBJC_ARC = YES;
				CLANG_ENABLE_OBJC_WEAK = YES;
				CLANG_WARN_BLOCK_CAPTURE_AUTORELEASING = YES;
				CLANG_WARN_BOOL_CONVERSION = YES;
				CLANG_WARN_COMMA = YES;
				CLANG_WARN_CONSTANT_CONVERSION = YES;
				CLANG_WARN_DEPRECATED_OBJC_IMPLEMENTATIONS = YES;
				CLANG_WARN_DIRECT_OBJC_ISA_USAGE = YES_ERROR;
				CLANG_WARN_DOCUMENTATION_COMMENTS = YES;
				CLANG_WARN_EMPTY_BODY = YES;
				CLANG_WARN_ENUM_CONVERSION = YES;
				CLANG_WARN_INFINITE_RECURSION = YES;
				CLANG_WARN_INT_CONVERSION = YES;
				CLANG_WARN_NON_LITERAL_NULL_CONVERSION = YES;
				CLANG_WARN_OBJC_IMPLICIT_RETAIN_SELF = YES;
				CLANG_WARN_OBJC_LITERAL_CONVERSION = YES;
				CLANG_WARN_OBJC_ROOT_CLASS = YES_ERROR;
				CLANG_WARN_RANGE_LOOP_ANALYSIS = YES;
				CLANG_WARN_STRICT_PROTOTYPES = YES;
				CLANG_WARN_SUSPICIOUS_MOVE = YES;
				CLANG_WARN_UNGUARDED_AVAILABILITY = YES_AGGRESSIVE;
				CLANG_WARN_UNREACHABLE_CODE = YES;
				CLANG_WARN__DUPLICATE_METHOD_MATCH = YES;
				CODE_SIGN_IDENTITY = "iPhone Developer";
				COPY_PHASE_STRIP = NO;
				DEBUG_INFORMATION_FORMAT = "dwarf-with-dsym";
				ENABLE_NS_ASSERTIONS = NO;
				ENABLE_STRICT_OBJC_MSGSEND = YES;
				GCC_C_LANGUAGE_STANDARD = gnu11;
				GCC_NO_COMMON_BLOCKS = YES;
				GCC_WARN_64_TO_32_BIT_CONVERSION = YES;
				GCC_WARN_ABOUT_RETURN_TYPE = YES_ERROR;
				GCC_WARN_UNDECLARED_SELECTOR = YES;
				GCC_WARN_UNINITIALIZED_AUTOS = YES_AGGRESSIVE;
				GCC_WARN_UNUSED_FUNCTION = YES;
				GCC_WARN_UNUSED_VARIABLE = YES;
				IPHONEOS_DEPLOYMENT_TARGET = 11.3;
				MTL_ENABLE_DEBUG_INFO = NO;
				SDKROOT = iphoneos;
				SWIFT_COMPILATION_MODE = wholemodule;
				SWIFT_OPTIMIZATION_LEVEL = "-O";
				VALIDATE_PRODUCT = YES;
			};
			name = Release;
		};
		2ABBD6502085D05600632F45 /* Debug */ = {
			isa = XCBuildConfiguration;
			buildSettings = {
				ASSETCATALOG_COMPILER_APPICON_NAME = AppIcon;
				CODE_SIGN_STYLE = Automatic;
				INFOPLIST_FILE = popmenu/Info.plist;
				LD_RUNPATH_SEARCH_PATHS = (
					"$(inherited)",
					"@executable_path/Frameworks",
				);
				PRODUCT_BUNDLE_IDENTIFIER = zy.popmenu;
				PRODUCT_NAME = "$(TARGET_NAME)";
				SWIFT_VERSION = 4.0;
				TARGETED_DEVICE_FAMILY = "1,2";
			};
			name = Debug;
		};
		2ABBD6512085D05600632F45 /* Release */ = {
			isa = XCBuildConfiguration;
			buildSettings = {
				ASSETCATALOG_COMPILER_APPICON_NAME = AppIcon;
				CODE_SIGN_STYLE = Automatic;
				INFOPLIST_FILE = popmenu/Info.plist;
				LD_RUNPATH_SEARCH_PATHS = (
					"$(inherited)",
					"@executable_path/Frameworks",
				);
				PRODUCT_BUNDLE_IDENTIFIER = zy.popmenu;
				PRODUCT_NAME = "$(TARGET_NAME)";
				SWIFT_VERSION = 4.0;
				TARGETED_DEVICE_FAMILY = "1,2";
			};
			name = Release;
		};
		2ABBD6532085D05600632F45 /* Debug */ = {
			isa = XCBuildConfiguration;
			buildSettings = {
				ALWAYS_EMBED_SWIFT_STANDARD_LIBRARIES = YES;
				BUNDLE_LOADER = "$(TEST_HOST)";
				CODE_SIGN_STYLE = Automatic;
				INFOPLIST_FILE = popmenuTests/Info.plist;
				LD_RUNPATH_SEARCH_PATHS = (
					"$(inherited)",
					"@executable_path/Frameworks",
					"@loader_path/Frameworks",
				);
				PRODUCT_BUNDLE_IDENTIFIER = zy.popmenuTests;
				PRODUCT_NAME = "$(TARGET_NAME)";
				SWIFT_VERSION = 4.0;
				TARGETED_DEVICE_FAMILY = "1,2";
				TEST_HOST = "$(BUILT_PRODUCTS_DIR)/popmenu.app/popmenu";
			};
			name = Debug;
		};
		2ABBD6542085D05600632F45 /* Release */ = {
			isa = XCBuildConfiguration;
			buildSettings = {
				ALWAYS_EMBED_SWIFT_STANDARD_LIBRARIES = YES;
				BUNDLE_LOADER = "$(TEST_HOST)";
				CODE_SIGN_STYLE = Automatic;
				INFOPLIST_FILE = popmenuTests/Info.plist;
				LD_RUNPATH_SEARCH_PATHS = (
					"$(inherited)",
					"@executable_path/Frameworks",
					"@loader_path/Frameworks",
				);
				PRODUCT_BUNDLE_IDENTIFIER = zy.popmenuTests;
				PRODUCT_NAME = "$(TARGET_NAME)";
				SWIFT_VERSION = 4.0;
				TARGETED_DEVICE_FAMILY = "1,2";
				TEST_HOST = "$(BUILT_PRODUCTS_DIR)/popmenu.app/popmenu";
			};
			name = Release;
		};
		2ABBD6562085D05600632F45 /* Debug */ = {
			isa = XCBuildConfiguration;
			buildSettings = {
				ALWAYS_EMBED_SWIFT_STANDARD_LIBRARIES = YES;
				CODE_SIGN_STYLE = Automatic;
				INFOPLIST_FILE = popmenuUITests/Info.plist;
				LD_RUNPATH_SEARCH_PATHS = (
					"$(inherited)",
					"@executable_path/Frameworks",
					"@loader_path/Frameworks",
				);
				PRODUCT_BUNDLE_IDENTIFIER = zy.popmenuUITests;
				PRODUCT_NAME = "$(TARGET_NAME)";
				SWIFT_VERSION = 4.0;
				TARGETED_DEVICE_FAMILY = "1,2";
				TEST_TARGET_NAME = popmenu;
			};
			name = Debug;
		};
		2ABBD6572085D05600632F45 /* Release */ = {
			isa = XCBuildConfiguration;
			buildSettings = {
				ALWAYS_EMBED_SWIFT_STANDARD_LIBRARIES = YES;
				CODE_SIGN_STYLE = Automatic;
				INFOPLIST_FILE = popmenuUITests/Info.plist;
				LD_RUNPATH_SEARCH_PATHS = (
					"$(inherited)",
					"@executable_path/Frameworks",
					"@loader_path/Frameworks",
				);
				PRODUCT_BUNDLE_IDENTIFIER = zy.popmenuUITests;
				PRODUCT_NAME = "$(TARGET_NAME)";
				SWIFT_VERSION = 4.0;
				TARGETED_DEVICE_FAMILY = "1,2";
				TEST_TARGET_NAME = popmenu;
			};
			name = Release;
		};
/* End XCBuildConfiguration section */

/* Begin XCConfigurationList section */
		2ABBD6222085D05500632F45 /* Build configuration list for PBXProject "popmenu" */ = {
			isa = XCConfigurationList;
			buildConfigurations = (
				2ABBD64D2085D05600632F45 /* Debug */,
				2ABBD64E2085D05600632F45 /* Release */,
			);
			defaultConfigurationIsVisible = 0;
			defaultConfigurationName = Release;
		};
		2ABBD64F2085D05600632F45 /* Build configuration list for PBXNativeTarget "popmenu" */ = {
			isa = XCConfigurationList;
			buildConfigurations = (
				2ABBD6502085D05600632F45 /* Debug */,
				2ABBD6512085D05600632F45 /* Release */,
			);
			defaultConfigurationIsVisible = 0;
			defaultConfigurationName = Release;
		};
		2ABBD6522085D05600632F45 /* Build configuration list for PBXNativeTarget "popmenuTests" */ = {
			isa = XCConfigurationList;
			buildConfigurations = (
				2ABBD6532085D05600632F45 /* Debug */,
				2ABBD6542085D05600632F45 /* Release */,
			);
			defaultConfigurationIsVisible = 0;
			defaultConfigurationName = Release;
		};
		2ABBD6552085D05600632F45 /* Build configuration list for PBXNativeTarget "popmenuUITests" */ = {
			isa = XCConfigurationList;
			buildConfigurations = (
				2ABBD6562085D05600632F45 /* Debug */,
				2ABBD6572085D05600632F45 /* Release */,
			);
			defaultConfigurationIsVisible = 0;
			defaultConfigurationName = Release;
		};
/* End XCConfigurationList section */
	};
	rootObject = 2ABBD61F2085D05500632F45 /* Project object */;
}
